
Microsoft Visual Studio Solution File, Format Version 12.00
# Visual Studio Version 17
VisualStudioVersion = 17.8.34601.278
MinimumVisualStudioVersion = 10.0.40219.1
Project("{FAE04EC0-301F-11D3-BF4B-00C04F79EFBC}") = "ConsoleApp1", "ConsoleApp1\ConsoleApp1.csproj", "{14D29785-9B65-4F45-BE38-C4E4BDA2277B}"
EndProject
Project("{FAE04EC0-301F-11D3-BF4B-00C04F79EFBC}") = "ConsoleApp2", "ConsoleApp2\ConsoleApp2.csproj", "{ACE4B327-D166-428B-B172-94290DF493AF}"
EndProject
Project("{FAE04EC0-301F-11D3-BF4B-00C04F79EFBC}") = "ConsoleApp2_TP1", "TP1\ConsoleApp2_TP1.csproj", "{AE161CBF-7168-42DD-A344-3F720FC2A407}"
EndProject
Project("{FAE04EC0-301F-11D3-BF4B-00C04F79EFBC}") = "ConsoleApp3", "ConsoleApp3\ConsoleApp3.csproj", "{5C4A5BDB-A34C-46BE-9979-1847A9E2C2C1}"
EndProject
Project("{FAE04EC0-301F-11D3-BF4B-00C04F79EFBC}") = "ConsoleApp4", "ConsoleApp4\ConsoleApp4.csproj", "{60E8D228-15A8-4CF5-B2AF-60BE8CEA0763}"
EndProject
Project("{FAE04EC0-301F-11D3-BF4B-00C04F79EFBC}") = "ConsoleApp4_TP2", "ConsoleApp4_TP2\ConsoleApp4_TP2.csproj", "{29204E5B-9B4C-499A-AF9B-D397DD160D60}"
EndProject
Project("{FAE04EC0-301F-11D3-BF4B-00C04F79EFBC}") = "ConsoleApp5", "ConsoleApp5\ConsoleApp5.csproj", "{CD765F09-6392-4FAA-A3B8-A3F7667908B4}"
EndProject
Project("{FAE04EC0-301F-11D3-BF4B-00C04F79EFBC}") = "ConsoleApp6", "ConsoleApp6\ConsoleApp6.csproj", "{F9B0CF83-9398-403B-A7D2-6333FB3C3CA3}"
EndProject
Project("{FAE04EC0-301F-11D3-BF4B-00C04F79EFBC}") = "ConsoleApp7", "ConsoleApp7\ConsoleApp7.csproj", "{BDC31393-625C-48A4-81FA-78B0102C0E65}"
EndProject
Project("{FAE04EC0-301F-11D3-BF4B-00C04F79EFBC}") = "ConsoleApp8", "ConsoleApp8\ConsoleApp8.csproj", "{AAF61B3A-F2F0-4782-A52C-4EC416C3CEE3}"
EndProject
Project("{FAE04EC0-301F-11D3-BF4B-00C04F79EFBC}") = "ConsoleApp9_Constructeur", "ConsoleApp9_Constructeur\ConsoleApp9_Constructeur.csproj", "{814998A6-A34F-4163-90B4-C5436359BD49}"
EndProject
Project("{FAE04EC0-301F-11D3-BF4B-00C04F79EFBC}") = "ConsoleApx_10_EncapsulationPropriete", "ConsoleApp10_Encapsulation\ConsoleApx_10_EncapsulationPropriete.csproj", "{76F1F1E4-6D4F-495F-BB15-479ED8D4639E}"
EndProject
Project("{FAE04EC0-301F-11D3-BF4B-00C04F79EFBC}") = "ConsoleApx_11_EncapsulationObjet", "ConsoleApx_11_Encapsulation\ConsoleApx_11_EncapsulationObjet.csproj", "{9A3F1A27-C5E3-4CAB-989F-59EA8A82E6BA}"
EndProject
Project("{FAE04EC0-301F-11D3-BF4B-00C04F79EFBC}") = "ConsoleApx_12_abstract", "ConsoleApx_12_Interface\ConsoleApx_12_abstract.csproj", "{26660662-5453-4B53-879E-02D2A30042AA}"
EndProject
Project("{FAE04EC0-301F-11D3-BF4B-00C04F79EFBC}") = "ConsoleApx_13_Interface", "ConsoleApx_13_Interface\ConsoleApx_13_Interface.csproj", "{855A29E9-BCD6-4105-9716-FCBC77CC68CF}"
EndProject
Project("{FAE04EC0-301F-11D3-BF4B-00C04F79EFBC}") = "ConsoleApx_14_Structure", "ConsoleApx_14_Structure\ConsoleApx_14_Structure.csproj", "{41FDB374-707F-423E-A899-5BA889AFDADB}"
EndProject
Project("{FAE04EC0-301F-11D3-BF4B-00C04F79EFBC}") = "ConsoleApx_15_Algo", "ConsoleApx_15_Algo\ConsoleApx_15_Algo.csproj", "{6EEBB25C-0AAB-4200-89EA-37372F4D96FF}"
EndProject
Project("{FAE04EC0-301F-11D3-BF4B-00C04F79EFBC}") = "ConsoleApx_15_TP3", "ConsoleApx_15_TP3\ConsoleApx_15_TP3.csproj", "{F31DB27B-0075-4B71-B5BA-8DB53B789528}"
EndProject
Project("{FAE04EC0-301F-11D3-BF4B-00C04F79EFBC}") = "ConsoleApx_16_BDD", "ConsoleApx_16_BDD\ConsoleApx_16_BDD.csproj", "{8ACFB84D-9C00-47F6-A239-774AB61F9E57}"
EndProject
Project("{FAE04EC0-301F-11D3-BF4B-00C04F79EFBC}") = "ConsoleApx_17_Algo", "ConsoleApx_17_Algo\ConsoleApx_17_Algo.csproj", "{1C1E6638-1613-49F3-B274-F2F5F4607C3D}"
EndProject
Project("{FAE04EC0-301F-11D3-BF4B-00C04F79EFBC}") = "ConsoleApx_17_TP4", "ConsoleApx_17_TP4\ConsoleApx_17_TP4.csproj", "{89EAD978-06BA-4D89-9186-B2CD710860CA}"
EndProject
Project("{FAE04EC0-301F-11D3-BF4B-00C04F79EFBC}") = "ConsoleApx18_Thread", "ConsoleApx18_Thread\ConsoleApx18_Thread.csproj", "{5AD9E087-49A7-407D-9C04-5A8557856796}"
EndProject
Global
	GlobalSection(SolutionConfigurationPlatforms) = preSolution
		Debug|Any CPU = Debug|Any CPU
		Release|Any CPU = Release|Any CPU
	EndGlobalSection
	GlobalSection(ProjectConfigurationPlatforms) = postSolution
		{14D29785-9B65-4F45-BE38-C4E4BDA2277B}.Debug|Any CPU.ActiveCfg = Debug|Any CPU
		{14D29785-9B65-4F45-BE38-C4E4BDA2277B}.Debug|Any CPU.Build.0 = Debug|Any CPU
		{14D29785-9B65-4F45-BE38-C4E4BDA2277B}.Release|Any CPU.ActiveCfg = Release|Any CPU
		{14D29785-9B65-4F45-BE38-C4E4BDA2277B}.Release|Any CPU.Build.0 = Release|Any CPU
		{ACE4B327-D166-428B-B172-94290DF493AF}.Debug|Any CPU.ActiveCfg = Debug|Any CPU
		{ACE4B327-D166-428B-B172-94290DF493AF}.Debug|Any CPU.Build.0 = Debug|Any CPU
		{ACE4B327-D166-428B-B172-94290DF493AF}.Release|Any CPU.ActiveCfg = Release|Any CPU
		{ACE4B327-D166-428B-B172-94290DF493AF}.Release|Any CPU.Build.0 = Release|Any CPU
		{AE161CBF-7168-42DD-A344-3F720FC2A407}.Debug|Any CPU.ActiveCfg = Debug|Any CPU
		{AE161CBF-7168-42DD-A344-3F720FC2A407}.Debug|Any CPU.Build.0 = Debug|Any CPU
		{AE161CBF-7168-42DD-A344-3F720FC2A407}.Release|Any CPU.ActiveCfg = Release|Any CPU
		{AE161CBF-7168-42DD-A344-3F720FC2A407}.Release|Any CPU.Build.0 = Release|Any CPU
		{5C4A5BDB-A34C-46BE-9979-1847A9E2C2C1}.Debug|Any CPU.ActiveCfg = Debug|Any CPU
		{5C4A5BDB-A34C-46BE-9979-1847A9E2C2C1}.Debug|Any CPU.Build.0 = Debug|Any CPU
		{5C4A5BDB-A34C-46BE-9979-1847A9E2C2C1}.Release|Any CPU.ActiveCfg = Release|Any CPU
		{5C4A5BDB-A34C-46BE-9979-1847A9E2C2C1}.Release|Any CPU.Build.0 = Release|Any CPU
		{60E8D228-15A8-4CF5-B2AF-60BE8CEA0763}.Debug|Any CPU.ActiveCfg = Debug|Any CPU
		{60E8D228-15A8-4CF5-B2AF-60BE8CEA0763}.Debug|Any CPU.Build.0 = Debug|Any CPU
		{60E8D228-15A8-4CF5-B2AF-60BE8CEA0763}.Release|Any CPU.ActiveCfg = Release|Any CPU
		{60E8D228-15A8-4CF5-B2AF-60BE8CEA0763}.Release|Any CPU.Build.0 = Release|Any CPU
		{29204E5B-9B4C-499A-AF9B-D397DD160D60}.Debug|Any CPU.ActiveCfg = Debug|Any CPU
		{29204E5B-9B4C-499A-AF9B-D397DD160D60}.Debug|Any CPU.Build.0 = Debug|Any CPU
		{29204E5B-9B4C-499A-AF9B-D397DD160D60}.Release|Any CPU.ActiveCfg = Release|Any CPU
		{29204E5B-9B4C-499A-AF9B-D397DD160D60}.Release|Any CPU.Build.0 = Release|Any CPU
		{CD765F09-6392-4FAA-A3B8-A3F7667908B4}.Debug|Any CPU.ActiveCfg = Debug|Any CPU
		{CD765F09-6392-4FAA-A3B8-A3F7667908B4}.Debug|Any CPU.Build.0 = Debug|Any CPU
		{CD765F09-6392-4FAA-A3B8-A3F7667908B4}.Release|Any CPU.ActiveCfg = Release|Any CPU
		{CD765F09-6392-4FAA-A3B8-A3F7667908B4}.Release|Any CPU.Build.0 = Release|Any CPU
		{F9B0CF83-9398-403B-A7D2-6333FB3C3CA3}.Debug|Any CPU.ActiveCfg = Debug|Any CPU
		{F9B0CF83-9398-403B-A7D2-6333FB3C3CA3}.Debug|Any CPU.Build.0 = Debug|Any CPU
		{F9B0CF83-9398-403B-A7D2-6333FB3C3CA3}.Release|Any CPU.ActiveCfg = Release|Any CPU
		{F9B0CF83-9398-403B-A7D2-6333FB3C3CA3}.Release|Any CPU.Build.0 = Release|Any CPU
		{BDC31393-625C-48A4-81FA-78B0102C0E65}.Debug|Any CPU.ActiveCfg = Debug|Any CPU
		{BDC31393-625C-48A4-81FA-78B0102C0E65}.Debug|Any CPU.Build.0 = Debug|Any CPU
		{BDC31393-625C-48A4-81FA-78B0102C0E65}.Release|Any CPU.ActiveCfg = Release|Any CPU
		{BDC31393-625C-48A4-81FA-78B0102C0E65}.Release|Any CPU.Build.0 = Release|Any CPU
		{AAF61B3A-F2F0-4782-A52C-4EC416C3CEE3}.Debug|Any CPU.ActiveCfg = Debug|Any CPU
		{AAF61B3A-F2F0-4782-A52C-4EC416C3CEE3}.Debug|Any CPU.Build.0 = Debug|Any CPU
		{AAF61B3A-F2F0-4782-A52C-4EC416C3CEE3}.Release|Any CPU.ActiveCfg = Release|Any CPU
		{AAF61B3A-F2F0-4782-A52C-4EC416C3CEE3}.Release|Any CPU.Build.0 = Release|Any CPU
		{814998A6-A34F-4163-90B4-C5436359BD49}.Debug|Any CPU.ActiveCfg = Debug|Any CPU
		{814998A6-A34F-4163-90B4-C5436359BD49}.Debug|Any CPU.Build.0 = Debug|Any CPU
		{814998A6-A34F-4163-90B4-C5436359BD49}.Release|Any CPU.ActiveCfg = Release|Any CPU
		{814998A6-A34F-4163-90B4-C5436359BD49}.Release|Any CPU.Build.0 = Release|Any CPU
		{76F1F1E4-6D4F-495F-BB15-479ED8D4639E}.Debug|Any CPU.ActiveCfg = Debug|Any CPU
		{76F1F1E4-6D4F-495F-BB15-479ED8D4639E}.Debug|Any CPU.Build.0 = Debug|Any CPU
		{76F1F1E4-6D4F-495F-BB15-479ED8D4639E}.Release|Any CPU.ActiveCfg = Release|Any CPU
		{76F1F1E4-6D4F-495F-BB15-479ED8D4639E}.Release|Any CPU.Build.0 = Release|Any CPU
		{9A3F1A27-C5E3-4CAB-989F-59EA8A82E6BA}.Debug|Any CPU.ActiveCfg = Debug|Any CPU
		{9A3F1A27-C5E3-4CAB-989F-59EA8A82E6BA}.Debug|Any CPU.Build.0 = Debug|Any CPU
		{9A3F1A27-C5E3-4CAB-989F-59EA8A82E6BA}.Release|Any CPU.ActiveCfg = Release|Any CPU
		{9A3F1A27-C5E3-4CAB-989F-59EA8A82E6BA}.Release|Any CPU.Build.0 = Release|Any CPU
		{26660662-5453-4B53-879E-02D2A30042AA}.Debug|Any CPU.ActiveCfg = Debug|Any CPU
		{26660662-5453-4B53-879E-02D2A30042AA}.Debug|Any CPU.Build.0 = Debug|Any CPU
		{26660662-5453-4B53-879E-02D2A30042AA}.Release|Any CPU.ActiveCfg = Release|Any CPU
		{26660662-5453-4B53-879E-02D2A30042AA}.Release|Any CPU.Build.0 = Release|Any CPU
		{855A29E9-BCD6-4105-9716-FCBC77CC68CF}.Debug|Any CPU.ActiveCfg = Debug|Any CPU
		{855A29E9-BCD6-4105-9716-FCBC77CC68CF}.Debug|Any CPU.Build.0 = Debug|Any CPU
		{855A29E9-BCD6-4105-9716-FCBC77CC68CF}.Release|Any CPU.ActiveCfg = Release|Any CPU
		{855A29E9-BCD6-4105-9716-FCBC77CC68CF}.Release|Any CPU.Build.0 = Release|Any CPU
		{41FDB374-707F-423E-A899-5BA889AFDADB}.Debug|Any CPU.ActiveCfg = Debug|Any CPU
		{41FDB374-707F-423E-A899-5BA889AFDADB}.Debug|Any CPU.Build.0 = Debug|Any CPU
		{41FDB374-707F-423E-A899-5BA889AFDADB}.Release|Any CPU.ActiveCfg = Release|Any CPU
		{41FDB374-707F-423E-A899-5BA889AFDADB}.Release|Any CPU.Build.0 = Release|Any CPU
		{6EEBB25C-0AAB-4200-89EA-37372F4D96FF}.Debug|Any CPU.ActiveCfg = Debug|Any CPU
		{6EEBB25C-0AAB-4200-89EA-37372F4D96FF}.Debug|Any CPU.Build.0 = Debug|Any CPU
		{6EEBB25C-0AAB-4200-89EA-37372F4D96FF}.Release|Any CPU.ActiveCfg = Release|Any CPU
		{6EEBB25C-0AAB-4200-89EA-37372F4D96FF}.Release|Any CPU.Build.0 = Release|Any CPU
		{F31DB27B-0075-4B71-B5BA-8DB53B789528}.Debug|Any CPU.ActiveCfg = Debug|Any CPU
		{F31DB27B-0075-4B71-B5BA-8DB53B789528}.Debug|Any CPU.Build.0 = Debug|Any CPU
		{F31DB27B-0075-4B71-B5BA-8DB53B789528}.Release|Any CPU.ActiveCfg = Release|Any CPU
		{F31DB27B-0075-4B71-B5BA-8DB53B789528}.Release|Any CPU.Build.0 = Release|Any CPU
		{8ACFB84D-9C00-47F6-A239-774AB61F9E57}.Debug|Any CPU.ActiveCfg = Debug|Any CPU
		{8ACFB84D-9C00-47F6-A239-774AB61F9E57}.Debug|Any CPU.Build.0 = Debug|Any CPU
		{8ACFB84D-9C00-47F6-A239-774AB61F9E57}.Release|Any CPU.ActiveCfg = Release|Any CPU
		{8ACFB84D-9C00-47F6-A239-774AB61F9E57}.Release|Any CPU.Build.0 = Release|Any CPU
		{1C1E6638-1613-49F3-B274-F2F5F4607C3D}.Debug|Any CPU.ActiveCfg = Debug|Any CPU
		{1C1E6638-1613-49F3-B274-F2F5F4607C3D}.Debug|Any CPU.Build.0 = Debug|Any CPU
		{1C1E6638-1613-49F3-B274-F2F5F4607C3D}.Release|Any CPU.ActiveCfg = Release|Any CPU
		{1C1E6638-1613-49F3-B274-F2F5F4607C3D}.Release|Any CPU.Build.0 = Release|Any CPU
		{89EAD978-06BA-4D89-9186-B2CD710860CA}.Debug|Any CPU.ActiveCfg = Debug|Any CPU
		{89EAD978-06BA-4D89-9186-B2CD710860CA}.Debug|Any CPU.Build.0 = Debug|Any CPU
		{89EAD978-06BA-4D89-9186-B2CD710860CA}.Release|Any CPU.ActiveCfg = Release|Any CPU
		{89EAD978-06BA-4D89-9186-B2CD710860CA}.Release|Any CPU.Build.0 = Release|Any CPU
		{5AD9E087-49A7-407D-9C04-5A8557856796}.Debug|Any CPU.ActiveCfg = Debug|Any CPU
		{5AD9E087-49A7-407D-9C04-5A8557856796}.Debug|Any CPU.Build.0 = Debug|Any CPU
		{5AD9E087-49A7-407D-9C04-5A8557856796}.Release|Any CPU.ActiveCfg = Release|Any CPU
		{5AD9E087-49A7-407D-9C04-5A8557856796}.Release|Any CPU.Build.0 = Release|Any CPU
	EndGlobalSection
	GlobalSection(SolutionProperties) = preSolution
		HideSolutionNode = FALSE
	EndGlobalSection
	GlobalSection(ExtensibilityGlobals) = postSolution
		SolutionGuid = {182397D3-428D-44B7-99A2-0C00DA370620}
	EndGlobalSection
EndGlobal
